{
  "name": "@swup/slide-theme",
  "version": "2.0.0",
  "lockfileVersion": 3,
  "requires": true,
  "packages": {
    "": {
      "name": "@swup/slide-theme",
      "version": "2.0.0",
      "license": "MIT",
      "dependencies": {
        "@swup/theme": "^1.0.0"
      },
      "devDependencies": {
        "swup": "^3.0.0"
      },
      "peerDependencies": {
        "swup": "^3.0.0"
      }
    },
    "node_modules/@swup/theme": {
      "version": "1.0.6",
      "resolved": "https://registry.npmjs.org/@swup/theme/-/theme-1.0.6.tgz",
      "integrity": "sha512-7UbSAPHoh+vzszjttCVQkgUv2hTm2An7nK/nJDU2zdTFvV0cfzC8GviwSfDhlpZezZvNVONbkP7mRVYQY/Z+lw=="
    },
    "node_modules/delegate-it": {
      "version": "6.0.1",
      "resolved": "https://registry.npmjs.org/delegate-it/-/delegate-it-6.0.1.tgz",
      "integrity": "sha512-ZS2hRm/SaoPzaeWcWyYjzVVF4/PgALZqma9FXsunFt4XQGVAtQ79Vx7v57vNQNaI75Rl12C+x6TkLqHS5PNKLg==",
      "dev": true,
      "dependencies": {
        "typed-query-selector": "^2.10.0"
      },
      "funding": {
        "url": "https://github.com/sponsors/fregante"
      }
    },
    "node_modules/opencollective-postinstall": {
      "version": "2.0.3",
      "resolved": "https://registry.npmjs.org/opencollective-postinstall/-/opencollective-postinstall-2.0.3.tgz",
      "integrity": "sha512-8AV/sCtuzUeTo8gQK5qDZzARrulB3egtLzFgteqB2tcT4Mw7B8Kt7JcDHmltjz6FOAHsvTevk70gZEbhM4ZS9Q==",
      "dev": true,
      "bin": {
        "opencollective-postinstall": "index.js"
      }
    },
    "node_modules/swup": {
      "version": "3.1.1",
      "resolved": "https://registry.npmjs.org/swup/-/swup-3.1.1.tgz",
      "integrity": "sha512-fO8ID/SOYTCl5/Cm45rG3wFBFbrxnjeJ+S9q3eKJL1l3pjl6QUCZNqB4Tid4H0eQXlZv5dNDj4KD3AwWK5Il4w==",
      "dev": true,
      "hasInstallScript": true,
      "dependencies": {
        "delegate-it": "^6.0.0",
        "opencollective-postinstall": "^2.0.2"
      }
    },
    "node_modules/typed-query-selector": {
      "version": "2.11.0",
      "resolved": "https://registry.npmjs.org/typed-query-selector/-/typed-query-selector-2.11.0.tgz",
      "integrity": "sha512-qBs4sfmnLlPOyo2oSdvHbIFHe2CPgU54/1UGfSNceb7LARpIEVxUaeRX0Doje6oKpuySS2stqy90R3YrynR8Kg==",
      "dev": true
    }
  }
}
